
Microsoft Visual Studio Solution File, Format Version 12.00
# Visual Studio 15
VisualStudioVersion = 15.0.27130.2010
MinimumVisualStudioVersion = 10.0.40219.1
Project("{FAE04EC0-301F-11D3-BF4B-00C04F79EFBC}") = "Click_app_console", "Click_app_console\Click_app_console.csproj", "{3AC48E46-3C65-4769-969A-2A0B284BD4A8}"
EndProject
Global
	GlobalSection(SolutionConfigurationPlatforms) = preSolution
		Debug|Any CPU = Debug|Any CPU
		Release|Any CPU = Release|Any CPU
	EndGlobalSection
	GlobalSection(ProjectConfigurationPlatforms) = postSolution
		{3AC48E46-3C65-4769-969A-2A0B284BD4A8}.Debug|Any CPU.ActiveCfg = Debug|Any CPU
		{3AC48E46-3C65-4769-969A-2A0B284BD4A8}.Debug|Any CPU.Build.0 = Debug|Any CPU
		{3AC48E46-3C65-4769-969A-2A0B284BD4A8}.Release|Any CPU.ActiveCfg = Release|Any CPU
		{3AC48E46-3C65-4769-969A-2A0B284BD4A8}.Release|Any CPU.Build.0 = Release|Any CPU
	EndGlobalSection
	GlobalSection(SolutionProperties) = preSolution
		HideSolutionNode = FALSE
	EndGlobalSection
	GlobalSection(ExtensibilityGlobals) = postSolution
		SolutionGuid = {E70244B3-B4BA-4780-8B2E-F7853DE3DA09}
	EndGlobalSection
EndGlobal
