
Microsoft Visual Studio Solution File, Format Version 12.00
# Visual Studio 15
VisualStudioVersion = 15.0.27130.2010
MinimumVisualStudioVersion = 10.0.40219.1
Project("{FAE04EC0-301F-11D3-BF4B-00C04F79EFBC}") = "Demo_cs", "Demo_cs\Demo_cs.csproj", "{C6238799-5EC9-4A90-8308-2ACCAD024A9F}"
EndProject
Global
	GlobalSection(SolutionConfigurationPlatforms) = preSolution
		Debug|Any CPU = Debug|Any CPU
		Release|Any CPU = Release|Any CPU
	EndGlobalSection
	GlobalSection(ProjectConfigurationPlatforms) = postSolution
		{C6238799-5EC9-4A90-8308-2ACCAD024A9F}.Debug|Any CPU.ActiveCfg = Debug|Any CPU
		{C6238799-5EC9-4A90-8308-2ACCAD024A9F}.Debug|Any CPU.Build.0 = Debug|Any CPU
		{C6238799-5EC9-4A90-8308-2ACCAD024A9F}.Release|Any CPU.ActiveCfg = Release|Any CPU
		{C6238799-5EC9-4A90-8308-2ACCAD024A9F}.Release|Any CPU.Build.0 = Release|Any CPU
	EndGlobalSection
	GlobalSection(SolutionProperties) = preSolution
		HideSolutionNode = FALSE
	EndGlobalSection
	GlobalSection(ExtensibilityGlobals) = postSolution
		SolutionGuid = {2838AE38-753B-4381-869F-C966D0C3BA7A}
	EndGlobalSection
EndGlobal
